
Microsoft Visual Studio Solution File, Format Version 12.00
# Visual Studio Version 17
VisualStudioVersion = 17.7.34024.191
MinimumVisualStudioVersion = 10.0.40219.1
Project("{FAE04EC0-301F-11D3-BF4B-00C04F79EFBC}") = "Salao.Repository", "Salao.Repository.csproj", "{C6708C66-0302-4A6E-AE15-AD2E9D993F43}"
EndProject
Global
	GlobalSection(SolutionConfigurationPlatforms) = preSolution
		Debug|Any CPU = Debug|Any CPU
		Release|Any CPU = Release|Any CPU
	EndGlobalSection
	GlobalSection(ProjectConfigurationPlatforms) = postSolution
		{C6708C66-0302-4A6E-AE15-AD2E9D993F43}.Debug|Any CPU.ActiveCfg = Debug|Any CPU
		{C6708C66-0302-4A6E-AE15-AD2E9D993F43}.Debug|Any CPU.Build.0 = Debug|Any CPU
		{C6708C66-0302-4A6E-AE15-AD2E9D993F43}.Release|Any CPU.ActiveCfg = Release|Any CPU
		{C6708C66-0302-4A6E-AE15-AD2E9D993F43}.Release|Any CPU.Build.0 = Release|Any CPU
	EndGlobalSection
	GlobalSection(SolutionProperties) = preSolution
		HideSolutionNode = FALSE
	EndGlobalSection
	GlobalSection(ExtensibilityGlobals) = postSolution
		SolutionGuid = {7B8726C4-F1E4-4C7E-AEBC-34C2354E7D67}
	EndGlobalSection
EndGlobal
